
Microsoft Visual Studio Solution File, Format Version 12.00
# Visual Studio Version 16
VisualStudioVersion = 16.0.31702.278
MinimumVisualStudioVersion = 10.0.40219.1
Project("{FAE04EC0-301F-11D3-BF4B-00C04F79EFBC}") = "Cruise_Line_booking_agency", "Cruise_Line_booking_agency\Cruise_Line_booking_agency.csproj", "{7C7D86EB-4763-4497-AE65-A98709C2369E}"
EndProject
Global
	GlobalSection(SolutionConfigurationPlatforms) = preSolution
		Debug|Any CPU = Debug|Any CPU
		Release|Any CPU = Release|Any CPU
	EndGlobalSection
	GlobalSection(ProjectConfigurationPlatforms) = postSolution
		{7C7D86EB-4763-4497-AE65-A98709C2369E}.Debug|Any CPU.ActiveCfg = Debug|Any CPU
		{7C7D86EB-4763-4497-AE65-A98709C2369E}.Debug|Any CPU.Build.0 = Debug|Any CPU
		{7C7D86EB-4763-4497-AE65-A98709C2369E}.Release|Any CPU.ActiveCfg = Release|Any CPU
		{7C7D86EB-4763-4497-AE65-A98709C2369E}.Release|Any CPU.Build.0 = Release|Any CPU
	EndGlobalSection
	GlobalSection(SolutionProperties) = preSolution
		HideSolutionNode = FALSE
	EndGlobalSection
	GlobalSection(ExtensibilityGlobals) = postSolution
		SolutionGuid = {C97499DF-08AD-4A8B-A430-05C95CCC5767}
	EndGlobalSection
EndGlobal
